name: Windows Copilot deployment lock

on:
  pull_request:
    paths:
      - '.github/workflows/windows-copilot-lock.yml'
      - 'deployments/windows-copilot.lock.json'
      - 'tests/DshWindowsOps.Tests.ps1'
      - 'tests/WindowsCopilotInstaller.Tests.ps1'
      - 'tests/fixtures/windows-copilot/**'
      - 'tools/DshWindowsOps.psm1'
      - 'tools/WindowsCopilotDeployment.psm1'
      - 'tools/install-windows-copilot.ps1'
  push:
    branches: [master]
    paths:
      - '.github/workflows/windows-copilot-lock.yml'
      - 'deployments/windows-copilot.lock.json'
      - 'tests/DshWindowsOps.Tests.ps1'
      - 'tests/WindowsCopilotInstaller.Tests.ps1'
      - 'tests/fixtures/windows-copilot/**'
      - 'tools/DshWindowsOps.psm1'
      - 'tools/WindowsCopilotDeployment.psm1'
      - 'tools/install-windows-copilot.ps1'

permissions:
  contents: read

jobs:
  pester:
    runs-on: windows-latest
    steps:
      - uses: actions/checkout@v4
      - name: Run fixture tests under Windows PowerShell 5.1
        shell: powershell
        run: |
          $result = Invoke-Pester -Path .\tests -PassThru
          if ($result.FailedCount -gt 0) {
            exit 1
          }
